
Microsoft Visual Studio Solution File, Format Version 12.00
# Visual Studio 2012
Project("{FAE04EC0-301F-11D3-BF4B-00C04F79EFBC}") = "TaskService", "TaskService\TaskService.csproj", "{5EE055AC-F4EA-4AF6-92FE-D5D2927A600B}"
EndProject
Project("{FAE04EC0-301F-11D3-BF4B-00C04F79EFBC}") = "TestLibraryTask", "TestLibraryTask\TestLibraryTask.csproj", "{94A574BA-AD9F-4479-979D-7DA1C75EBCEE}"
EndProject
Global
	GlobalSection(SolutionConfigurationPlatforms) = preSolution
		Debug|Any CPU = Debug|Any CPU
		Release|Any CPU = Release|Any CPU
	EndGlobalSection
	GlobalSection(ProjectConfigurationPlatforms) = postSolution
		{5EE055AC-F4EA-4AF6-92FE-D5D2927A600B}.Debug|Any CPU.ActiveCfg = Debug|Any CPU
		{5EE055AC-F4EA-4AF6-92FE-D5D2927A600B}.Debug|Any CPU.Build.0 = Debug|Any CPU
		{5EE055AC-F4EA-4AF6-92FE-D5D2927A600B}.Release|Any CPU.ActiveCfg = Release|Any CPU
		{5EE055AC-F4EA-4AF6-92FE-D5D2927A600B}.Release|Any CPU.Build.0 = Release|Any CPU
		{94A574BA-AD9F-4479-979D-7DA1C75EBCEE}.Debug|Any CPU.ActiveCfg = Debug|Any CPU
		{94A574BA-AD9F-4479-979D-7DA1C75EBCEE}.Debug|Any CPU.Build.0 = Debug|Any CPU
		{94A574BA-AD9F-4479-979D-7DA1C75EBCEE}.Release|Any CPU.ActiveCfg = Release|Any CPU
		{94A574BA-AD9F-4479-979D-7DA1C75EBCEE}.Release|Any CPU.Build.0 = Release|Any CPU
	EndGlobalSection
	GlobalSection(SolutionProperties) = preSolution
		HideSolutionNode = FALSE
	EndGlobalSection
EndGlobal
